
Microsoft Visual Studio Solution File, Format Version 12.00
# Visual Studio Version 17
VisualStudioVersion = 17.6.33829.357
MinimumVisualStudioVersion = 10.0.40219.1
Project("{9A19103F-16F7-4668-BE54-9A1E7A4F7556}") = "StockExchangeAPI", "StockExchangeAPI\StockExchangeAPI.csproj", "{C8460FB6-D27B-4749-A4D4-29367E8C8170}"
EndProject
Project("{9A19103F-16F7-4668-BE54-9A1E7A4F7556}") = "DataAccess", "DataAccess\DataAccess.csproj", "{BA729466-3952-4AFE-9555-25EB875B77F3}"
EndProject
Project("{9A19103F-16F7-4668-BE54-9A1E7A4F7556}") = "Repository", "Repository\Repository.csproj", "{1C8E1EEB-F47B-47D1-8971-1955A465CD36}"
EndProject
Project("{9A19103F-16F7-4668-BE54-9A1E7A4F7556}") = "StockExchange.Tests", "StockExchange.Tests\StockExchange.Tests.csproj", "{2C863979-4C72-4F2D-9049-FA3DE2C3CB80}"
EndProject
Global
	GlobalSection(SolutionConfigurationPlatforms) = preSolution
		Debug|Any CPU = Debug|Any CPU
		Release|Any CPU = Release|Any CPU
	EndGlobalSection
	GlobalSection(ProjectConfigurationPlatforms) = postSolution
		{C8460FB6-D27B-4749-A4D4-29367E8C8170}.Debug|Any CPU.ActiveCfg = Debug|Any CPU
		{C8460FB6-D27B-4749-A4D4-29367E8C8170}.Debug|Any CPU.Build.0 = Debug|Any CPU
		{C8460FB6-D27B-4749-A4D4-29367E8C8170}.Release|Any CPU.ActiveCfg = Release|Any CPU
		{C8460FB6-D27B-4749-A4D4-29367E8C8170}.Release|Any CPU.Build.0 = Release|Any CPU
		{BA729466-3952-4AFE-9555-25EB875B77F3}.Debug|Any CPU.ActiveCfg = Debug|Any CPU
		{BA729466-3952-4AFE-9555-25EB875B77F3}.Debug|Any CPU.Build.0 = Debug|Any CPU
		{BA729466-3952-4AFE-9555-25EB875B77F3}.Release|Any CPU.ActiveCfg = Release|Any CPU
		{BA729466-3952-4AFE-9555-25EB875B77F3}.Release|Any CPU.Build.0 = Release|Any CPU
		{1C8E1EEB-F47B-47D1-8971-1955A465CD36}.Debug|Any CPU.ActiveCfg = Debug|Any CPU
		{1C8E1EEB-F47B-47D1-8971-1955A465CD36}.Debug|Any CPU.Build.0 = Debug|Any CPU
		{1C8E1EEB-F47B-47D1-8971-1955A465CD36}.Release|Any CPU.ActiveCfg = Release|Any CPU
		{1C8E1EEB-F47B-47D1-8971-1955A465CD36}.Release|Any CPU.Build.0 = Release|Any CPU
		{2C863979-4C72-4F2D-9049-FA3DE2C3CB80}.Debug|Any CPU.ActiveCfg = Debug|Any CPU
		{2C863979-4C72-4F2D-9049-FA3DE2C3CB80}.Debug|Any CPU.Build.0 = Debug|Any CPU
		{2C863979-4C72-4F2D-9049-FA3DE2C3CB80}.Release|Any CPU.ActiveCfg = Release|Any CPU
		{2C863979-4C72-4F2D-9049-FA3DE2C3CB80}.Release|Any CPU.Build.0 = Release|Any CPU
	EndGlobalSection
	GlobalSection(SolutionProperties) = preSolution
		HideSolutionNode = FALSE
	EndGlobalSection
	GlobalSection(ExtensibilityGlobals) = postSolution
		SolutionGuid = {1C6E3B48-6F9F-49FC-BBD1-10DC856C7881}
	EndGlobalSection
EndGlobal
